
Microsoft Visual Studio Solution File, Format Version 12.00
# Visual Studio Version 16
VisualStudioVersion = 25.0.1700.0
MinimumVisualStudioVersion = 10.0.40219.1
Project("{FAE04EC0-301F-11D3-BF4B-00C04F79EFBC}") = "lab2", "lab2\lab2.csproj", "{249D4EF5-9BB9-4173-8425-E1C6543C28B2}"
EndProject
Global
	GlobalSection(SolutionConfigurationPlatforms) = preSolution
		Debug|Any CPU = Debug|Any CPU
		Release|Any CPU = Release|Any CPU
	EndGlobalSection
	GlobalSection(ProjectConfigurationPlatforms) = postSolution
		{249D4EF5-9BB9-4173-8425-E1C6543C28B2}.Debug|Any CPU.ActiveCfg = Debug|Any CPU
		{249D4EF5-9BB9-4173-8425-E1C6543C28B2}.Debug|Any CPU.Build.0 = Debug|Any CPU
		{249D4EF5-9BB9-4173-8425-E1C6543C28B2}.Release|Any CPU.ActiveCfg = Release|Any CPU
		{249D4EF5-9BB9-4173-8425-E1C6543C28B2}.Release|Any CPU.Build.0 = Release|Any CPU
	EndGlobalSection
	GlobalSection(SolutionProperties) = preSolution
		HideSolutionNode = FALSE
	EndGlobalSection
	GlobalSection(ExtensibilityGlobals) = postSolution
		SolutionGuid = {44292A72-DB4C-4A5D-9A16-436EFA8AAD16}
	EndGlobalSection
EndGlobal
